
Microsoft Visual Studio Solution File, Format Version 12.00
# Visual Studio Version 17
VisualStudioVersion = 17.1.32319.34
MinimumVisualStudioVersion = 10.0.40219.1
Project("{FAE04EC0-301F-11D3-BF4B-00C04F79EFBC}") = "Base de datos", "Base de datos.csproj", "{7D84B920-B220-4681-A68D-E46FD77C1E29}"
EndProject
Global
	GlobalSection(SolutionConfigurationPlatforms) = preSolution
		Debug|Any CPU = Debug|Any CPU
		Release|Any CPU = Release|Any CPU
	EndGlobalSection
	GlobalSection(ProjectConfigurationPlatforms) = postSolution
		{7D84B920-B220-4681-A68D-E46FD77C1E29}.Debug|Any CPU.ActiveCfg = Debug|Any CPU
		{7D84B920-B220-4681-A68D-E46FD77C1E29}.Debug|Any CPU.Build.0 = Debug|Any CPU
		{7D84B920-B220-4681-A68D-E46FD77C1E29}.Release|Any CPU.ActiveCfg = Release|Any CPU
		{7D84B920-B220-4681-A68D-E46FD77C1E29}.Release|Any CPU.Build.0 = Release|Any CPU
	EndGlobalSection
	GlobalSection(SolutionProperties) = preSolution
		HideSolutionNode = FALSE
	EndGlobalSection
	GlobalSection(ExtensibilityGlobals) = postSolution
		SolutionGuid = {093A3897-6E77-40AD-8F0D-FB984795FF89}
	EndGlobalSection
EndGlobal
